
Microsoft Visual Studio Solution File, Format Version 12.00
# Visual Studio Version 16
VisualStudioVersion = 16.0.31112.23
MinimumVisualStudioVersion = 10.0.40219.1
Project("{9A19103F-16F7-4668-BE54-9A1E7A4F7556}") = "SwatInc.Lis.Lis01A2", "SwatInc.Lis.Lis01A2\SwatInc.Lis.Lis01A2.csproj", "{675316F7-B4E7-4B5E-A09A-D9D8D1B20D8A}"
EndProject
Project("{9A19103F-16F7-4668-BE54-9A1E7A4F7556}") = "SwatInc.Lis.Lis02A2", "SwatInc.Lis.Lis02A2\SwatInc.Lis.Lis02A2.csproj", "{CCE41B97-1FB9-4986-8C06-2A2999FC2C02}"
EndProject
Global
	GlobalSection(SolutionConfigurationPlatforms) = preSolution
		Debug|Any CPU = Debug|Any CPU
		Debug|x64 = Debug|x64
		Release|Any CPU = Release|Any CPU
		Release|x64 = Release|x64
	EndGlobalSection
	GlobalSection(ProjectConfigurationPlatforms) = postSolution
		{675316F7-B4E7-4B5E-A09A-D9D8D1B20D8A}.Debug|Any CPU.ActiveCfg = Debug|Any CPU
		{675316F7-B4E7-4B5E-A09A-D9D8D1B20D8A}.Debug|Any CPU.Build.0 = Debug|Any CPU
		{675316F7-B4E7-4B5E-A09A-D9D8D1B20D8A}.Debug|x64.ActiveCfg = Debug|x64
		{675316F7-B4E7-4B5E-A09A-D9D8D1B20D8A}.Debug|x64.Build.0 = Debug|x64
		{675316F7-B4E7-4B5E-A09A-D9D8D1B20D8A}.Release|Any CPU.ActiveCfg = Release|Any CPU
		{675316F7-B4E7-4B5E-A09A-D9D8D1B20D8A}.Release|Any CPU.Build.0 = Release|Any CPU
		{675316F7-B4E7-4B5E-A09A-D9D8D1B20D8A}.Release|x64.ActiveCfg = Release|x64
		{675316F7-B4E7-4B5E-A09A-D9D8D1B20D8A}.Release|x64.Build.0 = Release|x64
		{CCE41B97-1FB9-4986-8C06-2A2999FC2C02}.Debug|Any CPU.ActiveCfg = Debug|Any CPU
		{CCE41B97-1FB9-4986-8C06-2A2999FC2C02}.Debug|Any CPU.Build.0 = Debug|Any CPU
		{CCE41B97-1FB9-4986-8C06-2A2999FC2C02}.Debug|x64.ActiveCfg = Debug|x64
		{CCE41B97-1FB9-4986-8C06-2A2999FC2C02}.Debug|x64.Build.0 = Debug|x64
		{CCE41B97-1FB9-4986-8C06-2A2999FC2C02}.Release|Any CPU.ActiveCfg = Release|Any CPU
		{CCE41B97-1FB9-4986-8C06-2A2999FC2C02}.Release|Any CPU.Build.0 = Release|Any CPU
		{CCE41B97-1FB9-4986-8C06-2A2999FC2C02}.Release|x64.ActiveCfg = Release|x64
		{CCE41B97-1FB9-4986-8C06-2A2999FC2C02}.Release|x64.Build.0 = Release|x64
	EndGlobalSection
	GlobalSection(SolutionProperties) = preSolution
		HideSolutionNode = FALSE
	EndGlobalSection
	GlobalSection(ExtensibilityGlobals) = postSolution
		SolutionGuid = {C025F196-E1B0-486C-9AEF-4C59D499DA9D}
	EndGlobalSection
EndGlobal
